{
  "requires": true,
  "lockfileVersion": 1,
  "dependencies": {
    "@babel/runtime": {
      "version": "7.14.8",
      "resolved": "https://registry.npmjs.org/@babel/runtime/-/runtime-7.14.8.tgz",
      "integrity": "sha512-twj3L8Og5SaCRCErB4x4ajbvBIVV77CGeFglHpeg5WC5FF8TZzBWXtTJ4MqaD9QszLYTtr+IsaAL2rEUevb+eg==",
      "requires": {
        "regenerator-runtime": "^0.13.4"
      }
    },
    "@popperjs/core": {
      "version": "2.9.3",
      "resolved": "https://registry.npmjs.org/@popperjs/core/-/core-2.9.3.tgz",
      "integrity": "sha512-xDu17cEfh7Kid/d95kB6tZsLOmSWKCZKtprnhVepjsSaCij+lM3mItSJDuuHDMbCWTh8Ejmebwb+KONcCJ0eXQ=="
    },
    "@react-spring/animated": {
      "version": "9.2.4",
      "resolved": "https://registry.npmjs.org/@react-spring/animated/-/animated-9.2.4.tgz",
      "integrity": "sha512-AfV6ZM8pCCAT29GY5C8/1bOPjZrv/7kD0vedjiE/tEYvNDwg9GlscrvsTViWR2XykJoYrDfdkYArrldWpsCJ5g==",
      "requires": {
        "@react-spring/shared": "~9.2.0",
        "@react-spring/types": "~9.2.0"
      }
    },
    "@react-spring/core": {
      "version": "9.2.4",
      "resolved": "https://registry.npmjs.org/@react-spring/core/-/core-9.2.4.tgz",
      "integrity": "sha512-R+PwyfsjiuYCWqaTTfCpYpRmsP0h87RNm7uxC1Uxy7QAHUfHEm2sAHn+AdHPwq/MbVwDssVT8C5yf2WGcqiXGg==",
      "requires": {
        "@react-spring/animated": "~9.2.0",
        "@react-spring/shared": "~9.2.0",
        "@react-spring/types": "~9.2.0"
      }
    },
    "@react-spring/konva": {
      "version": "9.2.4",
      "resolved": "https://registry.npmjs.org/@react-spring/konva/-/konva-9.2.4.tgz",
      "integrity": "sha512-19anDOIkfjcydDTfGgVIuZ3lruZxKubYGs9oHCswaP8SRLj7c1kkopJHUr/S4LXGxiIdqdF0XucWm0iTEPEq4w==",
      "requires": {
        "@react-spring/animated": "~9.2.0",
        "@react-spring/core": "~9.2.0",
        "@react-spring/shared": "~9.2.0",
        "@react-spring/types": "~9.2.0"
      }
    },
    "@react-spring/native": {
      "version": "9.2.4",
      "resolved": "https://registry.npmjs.org/@react-spring/native/-/native-9.2.4.tgz",
      "integrity": "sha512-xKJWKh5qOhSclpL3iuGwJRLoZzTNvlBEnIrMs8yh8xvX6z9Lmnu4uGu5DpfrnM1GzBvRoktoCoLEx/VcEYFSng==",
      "requires": {
        "@react-spring/animated": "~9.2.0",
        "@react-spring/core": "~9.2.0",
        "@react-spring/shared": "~9.2.0",
        "@react-spring/types": "~9.2.0"
      }
    },
    "@react-spring/rafz": {
      "version": "9.2.4",
      "resolved": "https://registry.npmjs.org/@react-spring/rafz/-/rafz-9.2.4.tgz",
      "integrity": "sha512-SOKf9eue+vAX+DGo7kWYNl9i9J3gPUlQjifIcV9Bzw9h3i30wPOOP0TjS7iMG/kLp2cdHQYDNFte6nt23VAZkQ=="
    },
    "@react-spring/shared": {
      "version": "9.2.4",
      "resolved": "https://registry.npmjs.org/@react-spring/shared/-/shared-9.2.4.tgz",
      "integrity": "sha512-ZEr4l2BxmyFRUvRA2VCkPfCJii4E7cGkwbjmTBx1EmcGrOnde/V2eF5dxqCTY3k35QuCegkrWe0coRJVkh8q2Q==",
      "requires": {
        "@react-spring/rafz": "~9.2.0",
        "@react-spring/types": "~9.2.0"
      }
    },
    "@react-spring/three": {
      "version": "9.2.4",
      "resolved": "https://registry.npmjs.org/@react-spring/three/-/three-9.2.4.tgz",
      "integrity": "sha512-ljFig7XW099VWwRPKPUf+4yYLivp/sSWXN3oO5SJOF/9BSoV1quS/9chZ5Myl5J14od3CsHf89Tv4FdlX5kHlA==",
      "requires": {
        "@react-spring/animated": "~9.2.0",
        "@react-spring/core": "~9.2.0",
        "@react-spring/shared": "~9.2.0",
        "@react-spring/types": "~9.2.0"
      }
    },
    "@react-spring/types": {
      "version": "9.2.4",
      "resolved": "https://registry.npmjs.org/@react-spring/types/-/types-9.2.4.tgz",
      "integrity": "sha512-zHUXrWO8nweUN/ISjrjqU7GgXXvoEbFca1CgiE0TY0H/dqJb3l+Rhx8ecPVNYimzFg3ZZ1/T0egpLop8SOv4aA=="
    },
    "@react-spring/web": {
      "version": "9.2.4",
      "resolved": "https://registry.npmjs.org/@react-spring/web/-/web-9.2.4.tgz",
      "integrity": "sha512-vtPvOalLFvuju/MDBtoSnCyt0xXSL6Amyv82fljOuWPl1yGd4M1WteijnYL9Zlriljl0a3oXcPunAVYTD9dbDQ==",
      "requires": {
        "@react-spring/animated": "~9.2.0",
        "@react-spring/core": "~9.2.0",
        "@react-spring/shared": "~9.2.0",
        "@react-spring/types": "~9.2.0"
      }
    },
    "@react-spring/zdog": {
      "version": "9.2.4",
      "resolved": "https://registry.npmjs.org/@react-spring/zdog/-/zdog-9.2.4.tgz",
      "integrity": "sha512-rv7ptedS37SHr6yuCbRkUErAzAhebdgt8f4KUtZWzseC+7qLNkaZWf+uujgsb881qAuX9b9yz8rre9UKeYepgw==",
      "requires": {
        "@react-spring/animated": "~9.2.0",
        "@react-spring/core": "~9.2.0",
        "@react-spring/shared": "~9.2.0",
        "@react-spring/types": "~9.2.0"
      }
    },
    "@restart/context": {
      "version": "2.1.4",
      "resolved": "https://registry.npmjs.org/@restart/context/-/context-2.1.4.tgz",
      "integrity": "sha512-INJYZQJP7g+IoDUh/475NlGiTeMfwTXUEr3tmRneckHIxNolGOW9CTq83S8cxq0CgJwwcMzMJFchxvlwe7Rk8Q=="
    },
    "@restart/hooks": {
      "version": "0.3.27",
      "resolved": "https://registry.npmjs.org/@restart/hooks/-/hooks-0.3.27.tgz",
      "integrity": "sha512-s984xV/EapUIfkjlf8wz9weP2O9TNKR96C68FfMEy2bE69+H4cNv3RD4Mf97lW7Htt7PjZrYTjSC8f3SB9VCXw==",
      "requires": {
        "dequal": "^2.0.2"
      }
    },
    "@types/invariant": {
      "version": "2.2.34",
      "resolved": "https://registry.npmjs.org/@types/invariant/-/invariant-2.2.34.tgz",
      "integrity": "sha512-lYUtmJ9BqUN688fGY1U1HZoWT1/Jrmgigx2loq4ZcJpICECm/Om3V314BxdzypO0u5PORKGMM6x0OXaljV1YFg=="
    },
    "@types/prop-types": {
      "version": "15.7.4",
      "resolved": "https://registry.npmjs.org/@types/prop-types/-/prop-types-15.7.4.tgz",
      "integrity": "sha512-rZ5drC/jWjrArrS8BR6SIr4cWpW09RNTYt9AMZo3Jwwif+iacXAqgVjm0B0Bv/S1jhDXKHqRVNCbACkJ89RAnQ=="
    },
    "@types/react": {
      "version": "17.0.16",
      "resolved": "https://registry.npmjs.org/@types/react/-/react-17.0.16.tgz",
      "integrity": "sha512-3kCUiOOlQTwUUvjNFkbBTWMTxdTGybz/PfjCw9JmaRGcEDBQh+nGMg7/E9P2rklhJuYVd25IYLNcvqgSPCPksg==",
      "requires": {
        "@types/prop-types": "*",
        "@types/scheduler": "*",
        "csstype": "^3.0.2"
      }
    },
    "@types/react-transition-group": {
      "version": "4.4.2",
      "resolved": "https://registry.npmjs.org/@types/react-transition-group/-/react-transition-group-4.4.2.tgz",
      "integrity": "sha512-KibDWL6nshuOJ0fu8ll7QnV/LVTo3PzQ9aCPnRUYPfX7eZohHwLIdNHj7pftanREzHNP4/nJa8oeM73uSiavMQ==",
      "requires": {
        "@types/react": "*"
      }
    },
    "@types/scheduler": {
      "version": "0.16.2",
      "resolved": "https://registry.npmjs.org/@types/scheduler/-/scheduler-0.16.2.tgz",
      "integrity": "sha512-hppQEBDmlwhFAXKJX2KnWLYu5yMfi91yazPb2l+lbJiwW+wdo1gNeRA+3RgNSO39WYX2euey41KEwnqesU2Jew=="
    },
    "@types/warning": {
      "version": "3.0.0",
      "resolved": "https://registry.npmjs.org/@types/warning/-/warning-3.0.0.tgz",
      "integrity": "sha1-DSUBJorY+ZYrdA04fEZU9fjiPlI="
    },
    "bootstrap": {
      "version": "5.1.0",
      "resolved": "https://registry.npmjs.org/bootstrap/-/bootstrap-5.1.0.tgz",
      "integrity": "sha512-bs74WNI9BgBo3cEovmdMHikSKoXnDgA6VQjJ7TyTotU6L7d41ZyCEEelPwkYEzsG/Zjv3ie9IE3EMAje0W9Xew=="
    },
    "classnames": {
      "version": "2.3.1",
      "resolved": "https://registry.npmjs.org/classnames/-/classnames-2.3.1.tgz",
      "integrity": "sha512-OlQdbZ7gLfGarSqxesMesDa5uz7KFbID8Kpq/SxIoNGDqY8lSYs0D+hhtBXhcdB3rcbXArFr7vlHheLk1voeNA=="
    },
    "csstype": {
      "version": "3.0.8",
      "resolved": "https://registry.npmjs.org/csstype/-/csstype-3.0.8.tgz",
      "integrity": "sha512-jXKhWqXPmlUeoQnF/EhTtTl4C9SnrxSH/jZUih3jmO6lBKr99rP3/+FmrMj4EFpOXzMtXHAZkd3x0E6h6Fgflw=="
    },
    "dequal": {
      "version": "2.0.2",
      "resolved": "https://registry.npmjs.org/dequal/-/dequal-2.0.2.tgz",
      "integrity": "sha512-q9K8BlJVxK7hQYqa6XISGmBZbtQQWVXSrRrWreHC94rMt1QL/Impruc+7p2CYSYuVIUr+YCt6hjrs1kkdJRTug=="
    },
    "dom-helpers": {
      "version": "5.2.1",
      "resolved": "https://registry.npmjs.org/dom-helpers/-/dom-helpers-5.2.1.tgz",
      "integrity": "sha512-nRCa7CK3VTrM2NmGkIy4cbK7IZlgBE/PYMn55rrXefr5xXDP0LdtfPnblFDoVdcAfslJ7or6iqAUnx0CCGIWQA==",
      "requires": {
        "@babel/runtime": "^7.8.7",
        "csstype": "^3.0.2"
      }
    },
    "invariant": {
      "version": "2.2.4",
      "resolved": "https://registry.npmjs.org/invariant/-/invariant-2.2.4.tgz",
      "integrity": "sha512-phJfQVBuaJM5raOpJjSfkiD6BpbCE4Ns//LaXl6wGYtUBY83nWS6Rf9tXm2e8VaK60JEjYldbPif/A2B1C2gNA==",
      "requires": {
        "loose-envify": "^1.0.0"
      }
    },
    "js-tokens": {
      "version": "4.0.0",
      "resolved": "https://registry.npmjs.org/js-tokens/-/js-tokens-4.0.0.tgz",
      "integrity": "sha512-RdJUflcE3cUzKiMqQgsCu06FPu9UdIJO0beYbPhHN4k6apgJtifcoCtT9bcxOpYBtpD2kCM6Sbzg4CausW/PKQ=="
    },
    "loose-envify": {
      "version": "1.4.0",
      "resolved": "https://registry.npmjs.org/loose-envify/-/loose-envify-1.4.0.tgz",
      "integrity": "sha512-lyuxPGr/Wfhrlem2CL/UcnUc1zcqKAImBDzukY7Y5F/yQiNdko6+fRLevlw1HgMySw7f611UIY408EtxRSoK3Q==",
      "requires": {
        "js-tokens": "^3.0.0 || ^4.0.0"
      }
    },
    "object-assign": {
      "version": "4.1.1",
      "resolved": "https://registry.npmjs.org/object-assign/-/object-assign-4.1.1.tgz",
      "integrity": "sha1-IQmtx5ZYh8/AXLvUQsrIv7s2CGM="
    },
    "prettier": {
      "version": "2.3.2",
      "resolved": "https://registry.npmjs.org/prettier/-/prettier-2.3.2.tgz",
      "integrity": "sha512-lnJzDfJ66zkMy58OL5/NY5zp70S7Nz6KqcKkXYzn2tMVrNxvbqaBpg7H3qHaLxCJ5lNMsGuM8+ohS7cZrthdLQ=="
    },
    "prop-types": {
      "version": "15.7.2",
      "resolved": "https://registry.npmjs.org/prop-types/-/prop-types-15.7.2.tgz",
      "integrity": "sha512-8QQikdH7//R2vurIJSutZ1smHYTcLpRWEOlHnzcWHmBYrOGUysKwSsrC89BCiFj3CbrfJ/nXFdJepOVrY1GCHQ==",
      "requires": {
        "loose-envify": "^1.4.0",
        "object-assign": "^4.1.1",
        "react-is": "^16.8.1"
      }
    },
    "prop-types-extra": {
      "version": "1.1.1",
      "resolved": "https://registry.npmjs.org/prop-types-extra/-/prop-types-extra-1.1.1.tgz",
      "integrity": "sha512-59+AHNnHYCdiC+vMwY52WmvP5dM3QLeoumYuEyceQDi9aEhtwN9zIQ2ZNo25sMyXnbh32h+P1ezDsUpUH3JAew==",
      "requires": {
        "react-is": "^16.3.2",
        "warning": "^4.0.0"
      }
    },
    "react-bootstrap": {
      "version": "1.6.1",
      "resolved": "https://registry.npmjs.org/react-bootstrap/-/react-bootstrap-1.6.1.tgz",
      "integrity": "sha512-ojEPQ6OtyIMdLg0Smofk+85PKN6MLKQX3bU0Vwmok/4yNa8DQ2vCGhO2IgHJvT+ERQZ4X+gAQcdn6msAHSwLBg==",
      "requires": {
        "@babel/runtime": "^7.14.0",
        "@restart/context": "^2.1.4",
        "@restart/hooks": "^0.3.26",
        "@types/invariant": "^2.2.33",
        "@types/prop-types": "^15.7.3",
        "@types/react": ">=16.14.8",
        "@types/react-transition-group": "^4.4.1",
        "@types/warning": "^3.0.0",
        "classnames": "^2.3.1",
        "dom-helpers": "^5.2.1",
        "invariant": "^2.2.4",
        "prop-types": "^15.7.2",
        "prop-types-extra": "^1.1.0",
        "react-overlays": "^5.0.1",
        "react-transition-group": "^4.4.1",
        "uncontrollable": "^7.2.1",
        "warning": "^4.0.3"
      }
    },
    "react-is": {
      "version": "16.13.1",
      "resolved": "https://registry.npmjs.org/react-is/-/react-is-16.13.1.tgz",
      "integrity": "sha512-24e6ynE2H+OKt4kqsOvNd8kBpV65zoxbA4BVsEOB3ARVWQki/DHzaUoC5KuON/BiccDaCCTZBuOcfZs70kR8bQ=="
    },
    "react-lifecycles-compat": {
      "version": "3.0.4",
      "resolved": "https://registry.npmjs.org/react-lifecycles-compat/-/react-lifecycles-compat-3.0.4.tgz",
      "integrity": "sha512-fBASbA6LnOU9dOU2eW7aQ8xmYBSXUIWr+UmF9b1efZBazGNO+rcXT/icdKnYm2pTwcRylVUYwW7H1PHfLekVzA=="
    },
    "react-overlays": {
      "version": "5.1.1",
      "resolved": "https://registry.npmjs.org/react-overlays/-/react-overlays-5.1.1.tgz",
      "integrity": "sha512-eCN2s2/+GVZzpnId4XVWtvDPYYBD2EtOGP74hE+8yDskPzFy9+pV1H3ZZihxuRdEbQzzacySaaDkR7xE0ydl4Q==",
      "requires": {
        "@babel/runtime": "^7.13.8",
        "@popperjs/core": "^2.8.6",
        "@restart/hooks": "^0.3.26",
        "@types/warning": "^3.0.0",
        "dom-helpers": "^5.2.0",
        "prop-types": "^15.7.2",
        "uncontrollable": "^7.2.1",
        "warning": "^4.0.3"
      }
    },
    "react-spring": {
      "version": "9.2.4",
      "resolved": "https://registry.npmjs.org/react-spring/-/react-spring-9.2.4.tgz",
      "integrity": "sha512-bMjbyTW0ZGd+/h9cjtohLqCwOGqX2OuaTvalOVfLCGmhzEg/u3GgopI3LAm4UD2Br3MNdVdGgNVoESg4MGqKFQ==",
      "requires": {
        "@react-spring/core": "~9.2.0",
        "@react-spring/konva": "~9.2.0",
        "@react-spring/native": "~9.2.0",
        "@react-spring/three": "~9.2.0",
        "@react-spring/web": "~9.2.0",
        "@react-spring/zdog": "~9.2.0"
      }
    },
    "react-transition-group": {
      "version": "4.4.2",
      "resolved": "https://registry.npmjs.org/react-transition-group/-/react-transition-group-4.4.2.tgz",
      "integrity": "sha512-/RNYfRAMlZwDSr6z4zNKV6xu53/e2BuaBbGhbyYIXTrmgu/bGHzmqOs7mJSJBHy9Ud+ApHx3QjrkKSp1pxvlFg==",
      "requires": {
        "@babel/runtime": "^7.5.5",
        "dom-helpers": "^5.0.1",
        "loose-envify": "^1.4.0",
        "prop-types": "^15.6.2"
      }
    },
    "regenerator-runtime": {
      "version": "0.13.9",
      "resolved": "https://registry.npmjs.org/regenerator-runtime/-/regenerator-runtime-0.13.9.tgz",
      "integrity": "sha512-p3VT+cOEgxFsRRA9X4lkI1E+k2/CtnKtU4gcxyaCUreilL/vqI6CdZ3wxVUx3UOUg+gnUOQQcRI7BmSI656MYA=="
    },
    "uncontrollable": {
      "version": "7.2.1",
      "resolved": "https://registry.npmjs.org/uncontrollable/-/uncontrollable-7.2.1.tgz",
      "integrity": "sha512-svtcfoTADIB0nT9nltgjujTi7BzVmwjZClOmskKu/E8FW9BXzg9os8OLr4f8Dlnk0rYWJIWr4wv9eKUXiQvQwQ==",
      "requires": {
        "@babel/runtime": "^7.6.3",
        "@types/react": ">=16.9.11",
        "invariant": "^2.2.4",
        "react-lifecycles-compat": "^3.0.4"
      }
    },
    "warning": {
      "version": "4.0.3",
      "resolved": "https://registry.npmjs.org/warning/-/warning-4.0.3.tgz",
      "integrity": "sha512-rpJyN222KWIvHJ/F53XSZv0Zl/accqHR8et1kpaMTD/fLCRxtV8iX8czMzY7sVZupTI3zcUTg8eycS2kNF9l6w==",
      "requires": {
        "loose-envify": "^1.0.0"
      }
    }
  }
}
